
Microsoft Visual Studio Solution File, Format Version 12.00
# Visual Studio Version 16
VisualStudioVersion = 16.0.31019.35
MinimumVisualStudioVersion = 10.0.40219.1
Project("{2150E333-8FDC-42A3-9474-1A3956D46DE8}") = "src", "src", "{C0B27273-965E-472B-90BD-C5D34445B510}"
EndProject
Project("{FAE04EC0-301F-11D3-BF4B-00C04F79EFBC}") = "TccTx", "src\TccTx\TccTx.csproj", "{D57F1C3A-E772-4D4B-964D-1707410FA9F8}"
EndProject
Project("{FAE04EC0-301F-11D3-BF4B-00C04F79EFBC}") = "TccTx.Remoting", "src\TccTx.Remoting\TccTx.Remoting.csproj", "{ACB914F9-0CF0-4FC5-845F-66A91C4ED6D6}"
EndProject
Project("{FAE04EC0-301F-11D3-BF4B-00C04F79EFBC}") = "TccTx.Server", "src\TccTx.Server\TccTx.Server.csproj", "{02D78BE2-8087-460D-9AE3-9772B581FC63}"
EndProject
Project("{FAE04EC0-301F-11D3-BF4B-00C04F79EFBC}") = "TccTx.EFCore", "src\clients\TccTx.EFCore\TccTx.EFCore.csproj", "{877D5E0B-33EB-4AE8-AB65-5611291ED8C0}"
EndProject
Project("{2150E333-8FDC-42A3-9474-1A3956D46DE8}") = "clients", "clients", "{780FD862-9ECA-47F9-8A37-E4CB28799C07}"
EndProject
Project("{2150E333-8FDC-42A3-9474-1A3956D46DE8}") = "servers", "servers", "{AE246633-D57F-471D-8FF0-2B7C0C14A397}"
EndProject
Global
	GlobalSection(SolutionConfigurationPlatforms) = preSolution
		Debug|Any CPU = Debug|Any CPU
		Release|Any CPU = Release|Any CPU
	EndGlobalSection
	GlobalSection(ProjectConfigurationPlatforms) = postSolution
		{D57F1C3A-E772-4D4B-964D-1707410FA9F8}.Debug|Any CPU.ActiveCfg = Debug|Any CPU
		{D57F1C3A-E772-4D4B-964D-1707410FA9F8}.Debug|Any CPU.Build.0 = Debug|Any CPU
		{D57F1C3A-E772-4D4B-964D-1707410FA9F8}.Release|Any CPU.ActiveCfg = Release|Any CPU
		{D57F1C3A-E772-4D4B-964D-1707410FA9F8}.Release|Any CPU.Build.0 = Release|Any CPU
		{ACB914F9-0CF0-4FC5-845F-66A91C4ED6D6}.Debug|Any CPU.ActiveCfg = Debug|Any CPU
		{ACB914F9-0CF0-4FC5-845F-66A91C4ED6D6}.Debug|Any CPU.Build.0 = Debug|Any CPU
		{ACB914F9-0CF0-4FC5-845F-66A91C4ED6D6}.Release|Any CPU.ActiveCfg = Release|Any CPU
		{ACB914F9-0CF0-4FC5-845F-66A91C4ED6D6}.Release|Any CPU.Build.0 = Release|Any CPU
		{02D78BE2-8087-460D-9AE3-9772B581FC63}.Debug|Any CPU.ActiveCfg = Debug|Any CPU
		{02D78BE2-8087-460D-9AE3-9772B581FC63}.Debug|Any CPU.Build.0 = Debug|Any CPU
		{02D78BE2-8087-460D-9AE3-9772B581FC63}.Release|Any CPU.ActiveCfg = Release|Any CPU
		{02D78BE2-8087-460D-9AE3-9772B581FC63}.Release|Any CPU.Build.0 = Release|Any CPU
		{877D5E0B-33EB-4AE8-AB65-5611291ED8C0}.Debug|Any CPU.ActiveCfg = Debug|Any CPU
		{877D5E0B-33EB-4AE8-AB65-5611291ED8C0}.Debug|Any CPU.Build.0 = Debug|Any CPU
		{877D5E0B-33EB-4AE8-AB65-5611291ED8C0}.Release|Any CPU.ActiveCfg = Release|Any CPU
		{877D5E0B-33EB-4AE8-AB65-5611291ED8C0}.Release|Any CPU.Build.0 = Release|Any CPU
	EndGlobalSection
	GlobalSection(SolutionProperties) = preSolution
		HideSolutionNode = FALSE
	EndGlobalSection
	GlobalSection(NestedProjects) = preSolution
		{D57F1C3A-E772-4D4B-964D-1707410FA9F8} = {C0B27273-965E-472B-90BD-C5D34445B510}
		{ACB914F9-0CF0-4FC5-845F-66A91C4ED6D6} = {C0B27273-965E-472B-90BD-C5D34445B510}
		{02D78BE2-8087-460D-9AE3-9772B581FC63} = {AE246633-D57F-471D-8FF0-2B7C0C14A397}
		{877D5E0B-33EB-4AE8-AB65-5611291ED8C0} = {780FD862-9ECA-47F9-8A37-E4CB28799C07}
		{780FD862-9ECA-47F9-8A37-E4CB28799C07} = {C0B27273-965E-472B-90BD-C5D34445B510}
		{AE246633-D57F-471D-8FF0-2B7C0C14A397} = {C0B27273-965E-472B-90BD-C5D34445B510}
	EndGlobalSection
	GlobalSection(ExtensibilityGlobals) = postSolution
		SolutionGuid = {E3E6CA84-0DB8-4432-8AE1-EDB90A7BD90D}
	EndGlobalSection
EndGlobal
